
Microsoft Visual Studio Solution File, Format Version 12.00
# Visual Studio Version 16
VisualStudioVersion = 16.0.31005.135
MinimumVisualStudioVersion = 10.0.40219.1
Project("{FAE04EC0-301F-11D3-BF4B-00C04F79EFBC}") = "Online Store", "Online Store.csproj", "{9B17577F-04CA-49A6-84EF-BFD19A641D0F}"
EndProject
Global
	GlobalSection(SolutionConfigurationPlatforms) = preSolution
		Debug|Any CPU = Debug|Any CPU
		Release|Any CPU = Release|Any CPU
	EndGlobalSection
	GlobalSection(ProjectConfigurationPlatforms) = postSolution
		{9B17577F-04CA-49A6-84EF-BFD19A641D0F}.Debug|Any CPU.ActiveCfg = Debug|Any CPU
		{9B17577F-04CA-49A6-84EF-BFD19A641D0F}.Debug|Any CPU.Build.0 = Debug|Any CPU
		{9B17577F-04CA-49A6-84EF-BFD19A641D0F}.Release|Any CPU.ActiveCfg = Release|Any CPU
		{9B17577F-04CA-49A6-84EF-BFD19A641D0F}.Release|Any CPU.Build.0 = Release|Any CPU
	EndGlobalSection
	GlobalSection(SolutionProperties) = preSolution
		HideSolutionNode = FALSE
	EndGlobalSection
	GlobalSection(ExtensibilityGlobals) = postSolution
		SolutionGuid = {7699957F-DAE2-4E35-8BC2-DEB575F6407E}
	EndGlobalSection
EndGlobal
